
Microsoft Visual Studio Solution File, Format Version 12.00
# Visual Studio Version 16
VisualStudioVersion = 16.0.29215.179
MinimumVisualStudioVersion = 10.0.40219.1
Project("{FAE04EC0-301F-11D3-BF4B-00C04F79EFBC}") = "Grocery List Manager", "Grocery List Manager\Grocery List Manager.csproj", "{633599F3-2DFD-44A0-8AD7-4EC3E8D2701C}"
EndProject
Global
	GlobalSection(SolutionConfigurationPlatforms) = preSolution
		Debug|Any CPU = Debug|Any CPU
		Release|Any CPU = Release|Any CPU
	EndGlobalSection
	GlobalSection(ProjectConfigurationPlatforms) = postSolution
		{633599F3-2DFD-44A0-8AD7-4EC3E8D2701C}.Debug|Any CPU.ActiveCfg = Debug|Any CPU
		{633599F3-2DFD-44A0-8AD7-4EC3E8D2701C}.Debug|Any CPU.Build.0 = Debug|Any CPU
		{633599F3-2DFD-44A0-8AD7-4EC3E8D2701C}.Release|Any CPU.ActiveCfg = Release|Any CPU
		{633599F3-2DFD-44A0-8AD7-4EC3E8D2701C}.Release|Any CPU.Build.0 = Release|Any CPU
	EndGlobalSection
	GlobalSection(SolutionProperties) = preSolution
		HideSolutionNode = FALSE
	EndGlobalSection
	GlobalSection(ExtensibilityGlobals) = postSolution
		SolutionGuid = {6D0CD402-3270-49F4-958B-8F239CAF954B}
	EndGlobalSection
EndGlobal
